// !$*UTF8*$!
{
	archiveVersion = 1;
	classes = {
	};
	objectVersion = 46;
	objects = {

/* Begin PBXBuildFile section */
		1D3623260D0F684500981E51 /* ShutterbugAppDelegate.m in Sources */ = {isa = PBXBuildFile; fileRef = 1D3623250D0F684500981E51 /* ShutterbugAppDelegate.m */; };
		1D60589B0D05DD56006BFB54 /* main.m in Sources */ = {isa = PBXBuildFile; fileRef = 29B97316FDCFA39411CA2CEA /* main.m */; };
		1D60589F0D05DD5A006BFB54 /* Foundation.framework in Frameworks */ = {isa = PBXBuildFile; fileRef = 1D30AB110D05D00D00671497 /* Foundation.framework */; };
		1DF5F4E00D08C38300B7A737 /* UIKit.framework in Frameworks */ = {isa = PBXBuildFile; fileRef = 1DF5F4DF0D08C38300B7A737 /* UIKit.framework */; };
		28193060112F816700ECF9B4 /* Shutterbug.xcdatamodeld in Sources */ = {isa = PBXBuildFile; fileRef = 2819305F112F816700ECF9B4 /* Shutterbug.xcdatamodeld */; };
		288765A50DF7441C002DB57D /* CoreGraphics.framework in Frameworks */ = {isa = PBXBuildFile; fileRef = 288765A40DF7441C002DB57D /* CoreGraphics.framework */; };
		28AD733F0D9D9553002E5188 /* MainWindow.xib in Resources */ = {isa = PBXBuildFile; fileRef = 28AD733E0D9D9553002E5188 /* MainWindow.xib */; };
		28D801B40F44B63D00FB423F /* CoreData.framework in Frameworks */ = {isa = PBXBuildFile; fileRef = 28D801B30F44B63D00FB423F /* CoreData.framework */; };
		EC1B50C91280DE50001AD6E7 /* PhotoViewController.m in Sources */ = {isa = PBXBuildFile; fileRef = EC1B50C71280DE50001AD6E7 /* PhotoViewController.m */; };
		EC1B50CA1280DE50001AD6E7 /* PhotoViewController.xib in Resources */ = {isa = PBXBuildFile; fileRef = EC1B50C81280DE50001AD6E7 /* PhotoViewController.xib */; };
		EC3CF842127A466800D98631 /* Photo.m in Sources */ = {isa = PBXBuildFile; fileRef = EC3CF83F127A466800D98631 /* Photo.m */; };
		EC3CF843127A466800D98631 /* Photographer.m in Sources */ = {isa = PBXBuildFile; fileRef = EC3CF841127A466800D98631 /* Photographer.m */; };
		EC3CF855127A46C800D98631 /* FlickrFetcher.m in Sources */ = {isa = PBXBuildFile; fileRef = EC3CF846127A46C800D98631 /* FlickrFetcher.m */; };
		EC3CF856127A46C800D98631 /* NSObject+SBJSON.m in Sources */ = {isa = PBXBuildFile; fileRef = EC3CF84A127A46C800D98631 /* NSObject+SBJSON.m */; };
		EC3CF857127A46C800D98631 /* NSString+SBJSON.m in Sources */ = {isa = PBXBuildFile; fileRef = EC3CF84C127A46C800D98631 /* NSString+SBJSON.m */; };
		EC3CF858127A46C800D98631 /* SBJSON.m in Sources */ = {isa = PBXBuildFile; fileRef = EC3CF84E127A46C800D98631 /* SBJSON.m */; };
		EC3CF859127A46C800D98631 /* SBJsonBase.m in Sources */ = {isa = PBXBuildFile; fileRef = EC3CF850127A46C800D98631 /* SBJsonBase.m */; };
		EC3CF85A127A46C800D98631 /* SBJsonParser.m in Sources */ = {isa = PBXBuildFile; fileRef = EC3CF852127A46C800D98631 /* SBJsonParser.m */; };
		EC3CF85B127A46C800D98631 /* SBJsonWriter.m in Sources */ = {isa = PBXBuildFile; fileRef = EC3CF854127A46C800D98631 /* SBJsonWriter.m */; };
		EC3CF85E127A46D300D98631 /* CoreDataTableViewController.m in Sources */ = {isa = PBXBuildFile; fileRef = EC3CF85D127A46D300D98631 /* CoreDataTableViewController.m */; };
		EC3CF875127A4A2D00D98631 /* PhotographersTableViewController.m in Sources */ = {isa = PBXBuildFile; fileRef = EC3CF874127A4A2D00D98631 /* PhotographersTableViewController.m */; };
		EC3CF88A127A4C1500D98631 /* PhotosByPhotographerTableViewController.m in Sources */ = {isa = PBXBuildFile; fileRef = EC3CF889127A4C1500D98631 /* PhotosByPhotographerTableViewController.m */; };
		ECA2AC55128A280200386F2B /* MapKit.framework in Frameworks */ = {isa = PBXBuildFile; fileRef = ECA2AC54128A280200386F2B /* MapKit.framework */; };
/* End PBXBuildFile section */

/* Begin PBXFileReference section */
		1D30AB110D05D00D00671497 /* Foundation.framework */ = {isa = PBXFileReference; lastKnownFileType = wrapper.framework; name = Foundation.framework; path = System/Library/Frameworks/Foundation.framework; sourceTree = SDKROOT; };
		1D3623240D0F684500981E51 /* ShutterbugAppDelegate.h */ = {isa = PBXFileReference; fileEncoding = 4; lastKnownFileType = sourcecode.c.h; path = ShutterbugAppDelegate.h; sourceTree = "<group>"; };
		1D3623250D0F684500981E51 /* ShutterbugAppDelegate.m */ = {isa = PBXFileReference; fileEncoding = 4; lastKnownFileType = sourcecode.c.objc; path = ShutterbugAppDelegate.m; sourceTree = "<group>"; };
		1D6058910D05DD3D006BFB54 /* Shutterbug.app */ = {isa = PBXFileReference; explicitFileType = wrapper.application; includeInIndex = 0; path = Shutterbug.app; sourceTree = BUILT_PRODUCTS_DIR; };
		1DF5F4DF0D08C38300B7A737 /* UIKit.framework */ = {isa = PBXFileReference; lastKnownFileType = wrapper.framework; name = UIKit.framework; path = System/Library/Frameworks/UIKit.framework; sourceTree = SDKROOT; };
		288765A40DF7441C002DB57D /* CoreGraphics.framework */ = {isa = PBXFileReference; lastKnownFileType = wrapper.framework; name = CoreGraphics.framework; path = System/Library/Frameworks/CoreGraphics.framework; sourceTree = SDKROOT; };
		28AD733E0D9D9553002E5188 /* MainWindow.xib */ = {isa = PBXFileReference; lastKnownFileType = file.xib; path = MainWindow.xib; sourceTree = "<group>"; };
		28C3AD890F43EF2300507BA6 /* Shutterbug.xcdatamodel */ = {isa = PBXFileReference; fileEncoding = 4; lastKnownFileType = wrapper.xcdatamodel; path = Shutterbug.xcdatamodel; sourceTree = "<group>"; };
		28D801B30F44B63D00FB423F /* CoreData.framework */ = {isa = PBXFileReference; lastKnownFileType = wrapper.framework; name = CoreData.framework; path = System/Library/Frameworks/CoreData.framework; sourceTree = SDKROOT; };
		29B97316FDCFA39411CA2CEA /* main.m */ = {isa = PBXFileReference; fileEncoding = 4; lastKnownFileType = sourcecode.c.objc; path = main.m; sourceTree = "<group>"; };
		32CA4F630368D1EE00C91783 /* Shutterbug_Prefix.pch */ = {isa = PBXFileReference; fileEncoding = 4; lastKnownFileType = sourcecode.c.h; path = Shutterbug_Prefix.pch; sourceTree = "<group>"; };
		8D1107310486CEB800E47090 /* Shutterbug-Info.plist */ = {isa = PBXFileReference; fileEncoding = 4; lastKnownFileType = text.plist.xml; path = "Shutterbug-Info.plist"; plistStructureDefinitionIdentifier = "com.apple.xcode.plist.structure-definition.iphone.info-plist"; sourceTree = "<group>"; };
		EC1B50C61280DE50001AD6E7 /* PhotoViewController.h */ = {isa = PBXFileReference; fileEncoding = 4; lastKnownFileType = sourcecode.c.h; path = PhotoViewController.h; sourceTree = "<group>"; };
		EC1B50C71280DE50001AD6E7 /* PhotoViewController.m */ = {isa = PBXFileReference; fileEncoding = 4; lastKnownFileType = sourcecode.c.objc; path = PhotoViewController.m; sourceTree = "<group>"; };
		EC1B50C81280DE50001AD6E7 /* PhotoViewController.xib */ = {isa = PBXFileReference; lastKnownFileType = file.xib; name = PhotoViewController.xib; path = Classes/PhotoViewController.xib; sourceTree = "<group>"; };
		EC1B50D91280E01D001AD6E7 /* FlickrAPIKey.h */ = {isa = PBXFileReference; fileEncoding = 4; lastKnownFileType = sourcecode.c.h; path = FlickrAPIKey.h; sourceTree = "<group>"; };
		EC3CF83E127A466800D98631 /* Photo.h */ = {isa = PBXFileReference; fileEncoding = 4; lastKnownFileType = sourcecode.c.h; name = Photo.h; path = ../Photo.h; sourceTree = "<group>"; };
		EC3CF83F127A466800D98631 /* Photo.m */ = {isa = PBXFileReference; fileEncoding = 4; lastKnownFileType = sourcecode.c.objc; name = Photo.m; path = ../Photo.m; sourceTree = "<group>"; };
		EC3CF840127A466800D98631 /* Photographer.h */ = {isa = PBXFileReference; fileEncoding = 4; lastKnownFileType = sourcecode.c.h; name = Photographer.h; path = ../Photographer.h; sourceTree = "<group>"; };
		EC3CF841127A466800D98631 /* Photographer.m */ = {isa = PBXFileReference; fileEncoding = 4; lastKnownFileType = sourcecode.c.objc; name = Photographer.m; path = ../Photographer.m; sourceTree = "<group>"; };
		EC3CF845127A46C800D98631 /* FlickrFetcher.h */ = {isa = PBXFileReference; fileEncoding = 4; lastKnownFileType = sourcecode.c.h; path = FlickrFetcher.h; sourceTree = "<group>"; };
		EC3CF846127A46C800D98631 /* FlickrFetcher.m */ = {isa = PBXFileReference; fileEncoding = 4; lastKnownFileType = sourcecode.c.objc; path = FlickrFetcher.m; sourceTree = "<group>"; };
		EC3CF848127A46C800D98631 /* JSON.h */ = {isa = PBXFileReference; fileEncoding = 4; lastKnownFileType = sourcecode.c.h; path = JSON.h; sourceTree = "<group>"; };
		EC3CF849127A46C800D98631 /* NSObject+SBJSON.h */ = {isa = PBXFileReference; fileEncoding = 4; lastKnownFileType = sourcecode.c.h; path = "NSObject+SBJSON.h"; sourceTree = "<group>"; };
		EC3CF84A127A46C800D98631 /* NSObject+SBJSON.m */ = {isa = PBXFileReference; fileEncoding = 4; lastKnownFileType = sourcecode.c.objc; path = "NSObject+SBJSON.m"; sourceTree = "<group>"; };
		EC3CF84B127A46C800D98631 /* NSString+SBJSON.h */ = {isa = PBXFileReference; fileEncoding = 4; lastKnownFileType = sourcecode.c.h; path = "NSString+SBJSON.h"; sourceTree = "<group>"; };
		EC3CF84C127A46C800D98631 /* NSString+SBJSON.m */ = {isa = PBXFileReference; fileEncoding = 4; lastKnownFileType = sourcecode.c.objc; path = "NSString+SBJSON.m"; sourceTree = "<group>"; };
		EC3CF84D127A46C800D98631 /* SBJSON.h */ = {isa = PBXFileReference; fileEncoding = 4; lastKnownFileType = sourcecode.c.h; path = SBJSON.h; sourceTree = "<group>"; };
		EC3CF84E127A46C800D98631 /* SBJSON.m */ = {isa = PBXFileReference; fileEncoding = 4; lastKnownFileType = sourcecode.c.objc; path = SBJSON.m; sourceTree = "<group>"; };
		EC3CF84F127A46C800D98631 /* SBJsonBase.h */ = {isa = PBXFileReference; fileEncoding = 4; lastKnownFileType = sourcecode.c.h; path = SBJsonBase.h; sourceTree = "<group>"; };
		EC3CF850127A46C800D98631 /* SBJsonBase.m */ = {isa = PBXFileReference; fileEncoding = 4; lastKnownFileType = sourcecode.c.objc; path = SBJsonBase.m; sourceTree = "<group>"; };
		EC3CF851127A46C800D98631 /* SBJsonParser.h */ = {isa = PBXFileReference; fileEncoding = 4; lastKnownFileType = sourcecode.c.h; path = SBJsonParser.h; sourceTree = "<group>"; };
		EC3CF852127A46C800D98631 /* SBJsonParser.m */ = {isa = PBXFileReference; fileEncoding = 4; lastKnownFileType = sourcecode.c.objc; path = SBJsonParser.m; sourceTree = "<group>"; };
		EC3CF853127A46C800D98631 /* SBJsonWriter.h */ = {isa = PBXFileReference; fileEncoding = 4; lastKnownFileType = sourcecode.c.h; path = SBJsonWriter.h; sourceTree = "<group>"; };
		EC3CF854127A46C800D98631 /* SBJsonWriter.m */ = {isa = PBXFileReference; fileEncoding = 4; lastKnownFileType = sourcecode.c.objc; path = SBJsonWriter.m; sourceTree = "<group>"; };
		EC3CF85C127A46D300D98631 /* CoreDataTableViewController.h */ = {isa = PBXFileReference; fileEncoding = 4; lastKnownFileType = sourcecode.c.h; path = CoreDataTableViewController.h; sourceTree = "<group>"; };
		EC3CF85D127A46D300D98631 /* CoreDataTableViewController.m */ = {isa = PBXFileReference; fileEncoding = 4; lastKnownFileType = sourcecode.c.objc; path = CoreDataTableViewController.m; sourceTree = "<group>"; };
		EC3CF873127A4A2D00D98631 /* PhotographersTableViewController.h */ = {isa = PBXFileReference; fileEncoding = 4; lastKnownFileType = sourcecode.c.h; path = PhotographersTableViewController.h; sourceTree = "<group>"; };
		EC3CF874127A4A2D00D98631 /* PhotographersTableViewController.m */ = {isa = PBXFileReference; fileEncoding = 4; lastKnownFileType = sourcecode.c.objc; path = PhotographersTableViewController.m; sourceTree = "<group>"; };
		EC3CF888127A4C1500D98631 /* PhotosByPhotographerTableViewController.h */ = {isa = PBXFileReference; fileEncoding = 4; lastKnownFileType = sourcecode.c.h; path = PhotosByPhotographerTableViewController.h; sourceTree = "<group>"; };
		EC3CF889127A4C1500D98631 /* PhotosByPhotographerTableViewController.m */ = {isa = PBXFileReference; fileEncoding = 4; lastKnownFileType = sourcecode.c.objc; path = PhotosByPhotographerTableViewController.m; sourceTree = "<group>"; };
		ECA2AC54128A280200386F2B /* MapKit.framework */ = {isa = PBXFileReference; lastKnownFileType = wrapper.framework; name = MapKit.framework; path = System/Library/Frameworks/MapKit.framework; sourceTree = SDKROOT; };
/* End PBXFileReference section */

/* Begin PBXFrameworksBuildPhase section */
		1D60588F0D05DD3D006BFB54 /* Frameworks */ = {
			isa = PBXFrameworksBuildPhase;
			buildActionMask = 2147483647;
			files = (
				1D60589F0D05DD5A006BFB54 /* Foundation.framework in Frameworks */,
				1DF5F4E00D08C38300B7A737 /* UIKit.framework in Frameworks */,
				288765A50DF7441C002DB57D /* CoreGraphics.framework in Frameworks */,
				28D801B40F44B63D00FB423F /* CoreData.framework in Frameworks */,
				ECA2AC55128A280200386F2B /* MapKit.framework in Frameworks */,
			);
			runOnlyForDeploymentPostprocessing = 0;
		};
/* End PBXFrameworksBuildPhase section */

/* Begin PBXGroup section */
		080E96DDFE201D6D7F000001 /* Classes */ = {
			isa = PBXGroup;
			children = (
				EC1B50C61280DE50001AD6E7 /* PhotoViewController.h */,
				EC1B50C71280DE50001AD6E7 /* PhotoViewController.m */,
				EC3CF888127A4C1500D98631 /* PhotosByPhotographerTableViewController.h */,
				EC3CF889127A4C1500D98631 /* PhotosByPhotographerTableViewController.m */,
				EC3CF873127A4A2D00D98631 /* PhotographersTableViewController.h */,
				EC3CF874127A4A2D00D98631 /* PhotographersTableViewController.m */,
				1D3623240D0F684500981E51 /* ShutterbugAppDelegate.h */,
				1D3623250D0F684500981E51 /* ShutterbugAppDelegate.m */,
				EC3CF83E127A466800D98631 /* Photo.h */,
				EC3CF83F127A466800D98631 /* Photo.m */,
				EC3CF840127A466800D98631 /* Photographer.h */,
				EC3CF841127A466800D98631 /* Photographer.m */,
			);
			path = Classes;
			sourceTree = "<group>";
		};
		19C28FACFE9D520D11CA2CBB /* Products */ = {
			isa = PBXGroup;
			children = (
				1D6058910D05DD3D006BFB54 /* Shutterbug.app */,
			);
			name = Products;
			sourceTree = "<group>";
		};
		29B97314FDCFA39411CA2CEA /* CustomTemplate */ = {
			isa = PBXGroup;
			children = (
				080E96DDFE201D6D7F000001 /* Classes */,
				29B97315FDCFA39411CA2CEA /* Other Sources */,
				29B97317FDCFA39411CA2CEA /* Resources */,
				29B97323FDCFA39411CA2CEA /* Frameworks */,
				19C28FACFE9D520D11CA2CBB /* Products */,
			);
			name = CustomTemplate;
			sourceTree = "<group>";
		};
		29B97315FDCFA39411CA2CEA /* Other Sources */ = {
			isa = PBXGroup;
			children = (
				EC3CF85C127A46D300D98631 /* CoreDataTableViewController.h */,
				EC3CF85D127A46D300D98631 /* CoreDataTableViewController.m */,
				EC1B50D91280E01D001AD6E7 /* FlickrAPIKey.h */,
				EC3CF845127A46C800D98631 /* FlickrFetcher.h */,
				EC3CF846127A46C800D98631 /* FlickrFetcher.m */,
				EC3CF847127A46C800D98631 /* JSON */,
				32CA4F630368D1EE00C91783 /* Shutterbug_Prefix.pch */,
				29B97316FDCFA39411CA2CEA /* main.m */,
			);
			name = "Other Sources";
			sourceTree = "<group>";
		};
		29B97317FDCFA39411CA2CEA /* Resources */ = {
			isa = PBXGroup;
			children = (
				EC1B50C81280DE50001AD6E7 /* PhotoViewController.xib */,
				2819305F112F816700ECF9B4 /* Shutterbug.xcdatamodeld */,
				28AD733E0D9D9553002E5188 /* MainWindow.xib */,
				8D1107310486CEB800E47090 /* Shutterbug-Info.plist */,
			);
			name = Resources;
			sourceTree = "<group>";
		};
		29B97323FDCFA39411CA2CEA /* Frameworks */ = {
			isa = PBXGroup;
			children = (
				1DF5F4DF0D08C38300B7A737 /* UIKit.framework */,
				1D30AB110D05D00D00671497 /* Foundation.framework */,
				288765A40DF7441C002DB57D /* CoreGraphics.framework */,
				28D801B30F44B63D00FB423F /* CoreData.framework */,
				ECA2AC54128A280200386F2B /* MapKit.framework */,
			);
			name = Frameworks;
			sourceTree = "<group>";
		};
		EC3CF847127A46C800D98631 /* JSON */ = {
			isa = PBXGroup;
			children = (
				EC3CF848127A46C800D98631 /* JSON.h */,
				EC3CF849127A46C800D98631 /* NSObject+SBJSON.h */,
				EC3CF84A127A46C800D98631 /* NSObject+SBJSON.m */,
				EC3CF84B127A46C800D98631 /* NSString+SBJSON.h */,
				EC3CF84C127A46C800D98631 /* NSString+SBJSON.m */,
				EC3CF84D127A46C800D98631 /* SBJSON.h */,
				EC3CF84E127A46C800D98631 /* SBJSON.m */,
				EC3CF84F127A46C800D98631 /* SBJsonBase.h */,
				EC3CF850127A46C800D98631 /* SBJsonBase.m */,
				EC3CF851127A46C800D98631 /* SBJsonParser.h */,
				EC3CF852127A46C800D98631 /* SBJsonParser.m */,
				EC3CF853127A46C800D98631 /* SBJsonWriter.h */,
				EC3CF854127A46C800D98631 /* SBJsonWriter.m */,
			);
			path = JSON;
			sourceTree = "<group>";
		};
/* End PBXGroup section */

/* Begin PBXNativeTarget section */
		1D6058900D05DD3D006BFB54 /* Shutterbug */ = {
			isa = PBXNativeTarget;
			buildConfigurationList = 1D6058960D05DD3E006BFB54 /* Build configuration list for PBXNativeTarget "Shutterbug" */;
			buildPhases = (
				1D60588D0D05DD3D006BFB54 /* Resources */,
				1D60588E0D05DD3D006BFB54 /* Sources */,
				1D60588F0D05DD3D006BFB54 /* Frameworks */,
			);
			buildRules = (
			);
			dependencies = (
			);
			name = Shutterbug;
			productName = Shutterbug;
			productReference = 1D6058910D05DD3D006BFB54 /* Shutterbug.app */;
			productType = "com.apple.product-type.application";
		};
/* End PBXNativeTarget section */

/* Begin PBXProject section */
		29B97313FDCFA39411CA2CEA /* Project object */ = {
			isa = PBXProject;
			buildConfigurationList = C01FCF4E08A954540054247B /* Build configuration list for PBXProject "Shutterbug" */;
			compatibilityVersion = "Xcode 3.2";
			developmentRegion = English;
			hasScannedForEncodings = 1;
			knownRegions = (
				English,
				Japanese,
				French,
				German,
			);
			mainGroup = 29B97314FDCFA39411CA2CEA /* CustomTemplate */;
			projectDirPath = "";
			projectRoot = "";
			targets = (
				1D6058900D05DD3D006BFB54 /* Shutterbug */,
			);
		};
/* End PBXProject section */

/* Begin PBXResourcesBuildPhase section */
		1D60588D0D05DD3D006BFB54 /* Resources */ = {
			isa = PBXResourcesBuildPhase;
			buildActionMask = 2147483647;
			files = (
				28AD733F0D9D9553002E5188 /* MainWindow.xib in Resources */,
				EC1B50CA1280DE50001AD6E7 /* PhotoViewController.xib in Resources */,
			);
			runOnlyForDeploymentPostprocessing = 0;
		};
/* End PBXResourcesBuildPhase section */

/* Begin PBXSourcesBuildPhase section */
		1D60588E0D05DD3D006BFB54 /* Sources */ = {
			isa = PBXSourcesBuildPhase;
			buildActionMask = 2147483647;
			files = (
				1D60589B0D05DD56006BFB54 /* main.m in Sources */,
				1D3623260D0F684500981E51 /* ShutterbugAppDelegate.m in Sources */,
				28193060112F816700ECF9B4 /* Shutterbug.xcdatamodeld in Sources */,
				EC3CF842127A466800D98631 /* Photo.m in Sources */,
				EC3CF843127A466800D98631 /* Photographer.m in Sources */,
				EC3CF855127A46C800D98631 /* FlickrFetcher.m in Sources */,
				EC3CF856127A46C800D98631 /* NSObject+SBJSON.m in Sources */,
				EC3CF857127A46C800D98631 /* NSString+SBJSON.m in Sources */,
				EC3CF858127A46C800D98631 /* SBJSON.m in Sources */,
				EC3CF859127A46C800D98631 /* SBJsonBase.m in Sources */,
				EC3CF85A127A46C800D98631 /* SBJsonParser.m in Sources */,
				EC3CF85B127A46C800D98631 /* SBJsonWriter.m in Sources */,
				EC3CF85E127A46D300D98631 /* CoreDataTableViewController.m in Sources */,
				EC3CF875127A4A2D00D98631 /* PhotographersTableViewController.m in Sources */,
				EC3CF88A127A4C1500D98631 /* PhotosByPhotographerTableViewController.m in Sources */,
				EC1B50C91280DE50001AD6E7 /* PhotoViewController.m in Sources */,
			);
			runOnlyForDeploymentPostprocessing = 0;
		};
/* End PBXSourcesBuildPhase section */

/* Begin XCBuildConfiguration section */
		1D6058940D05DD3E006BFB54 /* Debug */ = {
			isa = XCBuildConfiguration;
			buildSettings = {
				ALWAYS_SEARCH_USER_PATHS = NO;
				COPY_PHASE_STRIP = NO;
				GCC_DYNAMIC_NO_PIC = NO;
				GCC_OPTIMIZATION_LEVEL = 0;
				GCC_PRECOMPILE_PREFIX_HEADER = YES;
				GCC_PREFIX_HEADER = Shutterbug_Prefix.pch;
				INFOPLIST_FILE = "Shutterbug-Info.plist";
				PRODUCT_NAME = Shutterbug;
			};
			name = Debug;
		};
		1D6058950D05DD3E006BFB54 /* Release */ = {
			isa = XCBuildConfiguration;
			buildSettings = {
				ALWAYS_SEARCH_USER_PATHS = NO;
				COPY_PHASE_STRIP = YES;
				GCC_PRECOMPILE_PREFIX_HEADER = YES;
				GCC_PREFIX_HEADER = Shutterbug_Prefix.pch;
				INFOPLIST_FILE = "Shutterbug-Info.plist";
				PRODUCT_NAME = Shutterbug;
				VALIDATE_PRODUCT = YES;
			};
			name = Release;
		};
		C01FCF4F08A954540054247B /* Debug */ = {
			isa = XCBuildConfiguration;
			buildSettings = {
				ARCHS = "$(ARCHS_STANDARD_32_BIT)";
				"CODE_SIGN_IDENTITY[sdk=iphoneos*]" = "iPhone Developer";
				GCC_C_LANGUAGE_STANDARD = c99;
				GCC_WARN_ABOUT_RETURN_TYPE = YES;
				GCC_WARN_UNUSED_VARIABLE = YES;
				PREBINDING = NO;
				SDKROOT = iphoneos4.1;
			};
			name = Debug;
		};
		C01FCF5008A954540054247B /* Release */ = {
			isa = XCBuildConfiguration;
			buildSettings = {
				ARCHS = "$(ARCHS_STANDARD_32_BIT)";
				"CODE_SIGN_IDENTITY[sdk=iphoneos*]" = "iPhone Developer";
				GCC_C_LANGUAGE_STANDARD = c99;
				GCC_WARN_ABOUT_RETURN_TYPE = YES;
				GCC_WARN_UNUSED_VARIABLE = YES;
				OTHER_CFLAGS = "-DNS_BLOCK_ASSERTIONS=1";
				PREBINDING = NO;
				SDKROOT = iphoneos4.1;
			};
			name = Release;
		};
/* End XCBuildConfiguration section */

/* Begin XCConfigurationList section */
		1D6058960D05DD3E006BFB54 /* Build configuration list for PBXNativeTarget "Shutterbug" */ = {
			isa = XCConfigurationList;
			buildConfigurations = (
				1D6058940D05DD3E006BFB54 /* Debug */,
				1D6058950D05DD3E006BFB54 /* Release */,
			);
			defaultConfigurationIsVisible = 0;
			defaultConfigurationName = Release;
		};
		C01FCF4E08A954540054247B /* Build configuration list for PBXProject "Shutterbug" */ = {
			isa = XCConfigurationList;
			buildConfigurations = (
				C01FCF4F08A954540054247B /* Debug */,
				C01FCF5008A954540054247B /* Release */,
			);
			defaultConfigurationIsVisible = 0;
			defaultConfigurationName = Release;
		};
/* End XCConfigurationList section */

/* Begin XCVersionGroup section */
		2819305F112F816700ECF9B4 /* Shutterbug.xcdatamodeld */ = {
			isa = XCVersionGroup;
			children = (
				28C3AD890F43EF2300507BA6 /* Shutterbug.xcdatamodel */,
			);
			currentVersion = 28C3AD890F43EF2300507BA6 /* Shutterbug.xcdatamodel */;
			path = Shutterbug.xcdatamodeld;
			sourceTree = "<group>";
			versionGroupType = wrapper.xcdatamodel;
		};
/* End XCVersionGroup section */
	};
	rootObject = 29B97313FDCFA39411CA2CEA /* Project object */;
}
